
Microsoft Visual Studio Solution File, Format Version 12.00
# Visual Studio Version 16
VisualStudioVersion = 16.0.29102.190
MinimumVisualStudioVersion = 10.0.40219.1
Project("{FAE04EC0-301F-11D3-BF4B-00C04F79EFBC}") = "Structural.Flyweight.User", "Structural.Flyweight.User\Structural.Flyweight.User.csproj", "{FFCC853A-5330-4ED5-8A16-932FA1AEE370}"
EndProject
Global
	GlobalSection(SolutionConfigurationPlatforms) = preSolution
		Debug|Any CPU = Debug|Any CPU
		Release|Any CPU = Release|Any CPU
	EndGlobalSection
	GlobalSection(ProjectConfigurationPlatforms) = postSolution
		{FFCC853A-5330-4ED5-8A16-932FA1AEE370}.Debug|Any CPU.ActiveCfg = Debug|Any CPU
		{FFCC853A-5330-4ED5-8A16-932FA1AEE370}.Debug|Any CPU.Build.0 = Debug|Any CPU
		{FFCC853A-5330-4ED5-8A16-932FA1AEE370}.Release|Any CPU.ActiveCfg = Release|Any CPU
		{FFCC853A-5330-4ED5-8A16-932FA1AEE370}.Release|Any CPU.Build.0 = Release|Any CPU
	EndGlobalSection
	GlobalSection(SolutionProperties) = preSolution
		HideSolutionNode = FALSE
	EndGlobalSection
	GlobalSection(ExtensibilityGlobals) = postSolution
		SolutionGuid = {E3E404F9-B04C-459A-912A-79EB30D12FFF}
	EndGlobalSection
EndGlobal
